// !$*UTF8*$!
{
	archiveVersion = 1;
	classes = {
	};
	objectVersion = 46;
	objects = {

/* Begin PBXBuildFile section */
		54D7694A17EE1DBD00EBDCB5 /* Cocoa.framework in Frameworks */ = {isa = PBXBuildFile; fileRef = 54D7694917EE1DBD00EBDCB5 /* Cocoa.framework */; };
		54D7695417EE1DBD00EBDCB5 /* InfoPlist.strings in Resources */ = {isa = PBXBuildFile; fileRef = 54D7695217EE1DBD00EBDCB5 /* InfoPlist.strings */; };
		54D7695617EE1DBD00EBDCB5 /* main.m in Sources */ = {isa = PBXBuildFile; fileRef = 54D7695517EE1DBD00EBDCB5 /* main.m */; };
		54D7695A17EE1DBD00EBDCB5 /* Credits.rtf in Resources */ = {isa = PBXBuildFile; fileRef = 54D7695817EE1DBD00EBDCB5 /* Credits.rtf */; };
		54D7695D17EE1DBD00EBDCB5 /* TypingTutorAppDelegate.m in Sources */ = {isa = PBXBuildFile; fileRef = 54D7695C17EE1DBD00EBDCB5 /* TypingTutorAppDelegate.m */; };
		54D7696017EE1DBD00EBDCB5 /* MainMenu.xib in Resources */ = {isa = PBXBuildFile; fileRef = 54D7695E17EE1DBD00EBDCB5 /* MainMenu.xib */; };
		54D7696817EE1DD600EBDCB5 /* BigLetterView.m in Sources */ = {isa = PBXBuildFile; fileRef = 54D7696717EE1DD600EBDCB5 /* BigLetterView.m */; };
		54D769C417EF702900EBDCB5 /* NSString+FirstLetter.m in Sources */ = {isa = PBXBuildFile; fileRef = 54D769C317EF702900EBDCB5 /* NSString+FirstLetter.m */; };
/* End PBXBuildFile section */

/* Begin PBXFileReference section */
		54D7694617EE1DBD00EBDCB5 /* TypingTutor.app */ = {isa = PBXFileReference; explicitFileType = wrapper.application; includeInIndex = 0; path = TypingTutor.app; sourceTree = BUILT_PRODUCTS_DIR; };
		54D7694917EE1DBD00EBDCB5 /* Cocoa.framework */ = {isa = PBXFileReference; lastKnownFileType = wrapper.framework; name = Cocoa.framework; path = System/Library/Frameworks/Cocoa.framework; sourceTree = SDKROOT; };
		54D7694C17EE1DBD00EBDCB5 /* AppKit.framework */ = {isa = PBXFileReference; lastKnownFileType = wrapper.framework; name = AppKit.framework; path = System/Library/Frameworks/AppKit.framework; sourceTree = SDKROOT; };
		54D7694D17EE1DBD00EBDCB5 /* CoreData.framework */ = {isa = PBXFileReference; lastKnownFileType = wrapper.framework; name = CoreData.framework; path = System/Library/Frameworks/CoreData.framework; sourceTree = SDKROOT; };
		54D7694E17EE1DBD00EBDCB5 /* Foundation.framework */ = {isa = PBXFileReference; lastKnownFileType = wrapper.framework; name = Foundation.framework; path = System/Library/Frameworks/Foundation.framework; sourceTree = SDKROOT; };
		54D7695117EE1DBD00EBDCB5 /* TypingTutor-Info.plist */ = {isa = PBXFileReference; lastKnownFileType = text.plist.xml; path = "TypingTutor-Info.plist"; sourceTree = "<group>"; };
		54D7695317EE1DBD00EBDCB5 /* en */ = {isa = PBXFileReference; lastKnownFileType = text.plist.strings; name = en; path = en.lproj/InfoPlist.strings; sourceTree = "<group>"; };
		54D7695517EE1DBD00EBDCB5 /* main.m */ = {isa = PBXFileReference; lastKnownFileType = sourcecode.c.objc; path = main.m; sourceTree = "<group>"; };
		54D7695717EE1DBD00EBDCB5 /* TypingTutor-Prefix.pch */ = {isa = PBXFileReference; lastKnownFileType = sourcecode.c.h; path = "TypingTutor-Prefix.pch"; sourceTree = "<group>"; };
		54D7695917EE1DBD00EBDCB5 /* en */ = {isa = PBXFileReference; lastKnownFileType = text.rtf; name = en; path = en.lproj/Credits.rtf; sourceTree = "<group>"; };
		54D7695B17EE1DBD00EBDCB5 /* TypingTutorAppDelegate.h */ = {isa = PBXFileReference; lastKnownFileType = sourcecode.c.h; path = TypingTutorAppDelegate.h; sourceTree = "<group>"; };
		54D7695C17EE1DBD00EBDCB5 /* TypingTutorAppDelegate.m */ = {isa = PBXFileReference; lastKnownFileType = sourcecode.c.objc; path = TypingTutorAppDelegate.m; sourceTree = "<group>"; };
		54D7695F17EE1DBD00EBDCB5 /* en */ = {isa = PBXFileReference; lastKnownFileType = file.xib; name = en; path = en.lproj/MainMenu.xib; sourceTree = "<group>"; };
		54D7696617EE1DD600EBDCB5 /* BigLetterView.h */ = {isa = PBXFileReference; fileEncoding = 4; lastKnownFileType = sourcecode.c.h; name = BigLetterView.h; path = ../BigLetterView.h; sourceTree = "<group>"; };
		54D7696717EE1DD600EBDCB5 /* BigLetterView.m */ = {isa = PBXFileReference; fileEncoding = 4; lastKnownFileType = sourcecode.c.objc; name = BigLetterView.m; path = ../BigLetterView.m; sourceTree = "<group>"; };
		54D769C217EF702900EBDCB5 /* NSString+FirstLetter.h */ = {isa = PBXFileReference; fileEncoding = 4; lastKnownFileType = sourcecode.c.h; path = "NSString+FirstLetter.h"; sourceTree = "<group>"; };
		54D769C317EF702900EBDCB5 /* NSString+FirstLetter.m */ = {isa = PBXFileReference; fileEncoding = 4; lastKnownFileType = sourcecode.c.objc; path = "NSString+FirstLetter.m"; sourceTree = "<group>"; };
/* End PBXFileReference section */

/* Begin PBXFrameworksBuildPhase section */
		54D7694317EE1DBD00EBDCB5 /* Frameworks */ = {
			isa = PBXFrameworksBuildPhase;
			buildActionMask = 2147483647;
			files = (
				54D7694A17EE1DBD00EBDCB5 /* Cocoa.framework in Frameworks */,
			);
			runOnlyForDeploymentPostprocessing = 0;
		};
/* End PBXFrameworksBuildPhase section */

/* Begin PBXGroup section */
		54D7693D17EE1DBD00EBDCB5 = {
			isa = PBXGroup;
			children = (
				54D7694F17EE1DBD00EBDCB5 /* TypingTutor */,
				54D7694817EE1DBD00EBDCB5 /* Frameworks */,
				54D7694717EE1DBD00EBDCB5 /* Products */,
			);
			sourceTree = "<group>";
		};
		54D7694717EE1DBD00EBDCB5 /* Products */ = {
			isa = PBXGroup;
			children = (
				54D7694617EE1DBD00EBDCB5 /* TypingTutor.app */,
			);
			name = Products;
			sourceTree = "<group>";
		};
		54D7694817EE1DBD00EBDCB5 /* Frameworks */ = {
			isa = PBXGroup;
			children = (
				54D7694917EE1DBD00EBDCB5 /* Cocoa.framework */,
				54D7694B17EE1DBD00EBDCB5 /* Other Frameworks */,
			);
			name = Frameworks;
			sourceTree = "<group>";
		};
		54D7694B17EE1DBD00EBDCB5 /* Other Frameworks */ = {
			isa = PBXGroup;
			children = (
				54D7694C17EE1DBD00EBDCB5 /* AppKit.framework */,
				54D7694D17EE1DBD00EBDCB5 /* CoreData.framework */,
				54D7694E17EE1DBD00EBDCB5 /* Foundation.framework */,
			);
			name = "Other Frameworks";
			sourceTree = "<group>";
		};
		54D7694F17EE1DBD00EBDCB5 /* TypingTutor */ = {
			isa = PBXGroup;
			children = (
				54D7696617EE1DD600EBDCB5 /* BigLetterView.h */,
				54D7696717EE1DD600EBDCB5 /* BigLetterView.m */,
				54D7695B17EE1DBD00EBDCB5 /* TypingTutorAppDelegate.h */,
				54D7695C17EE1DBD00EBDCB5 /* TypingTutorAppDelegate.m */,
				54D769C217EF702900EBDCB5 /* NSString+FirstLetter.h */,
				54D769C317EF702900EBDCB5 /* NSString+FirstLetter.m */,
				54D7695E17EE1DBD00EBDCB5 /* MainMenu.xib */,
				54D7695017EE1DBD00EBDCB5 /* Supporting Files */,
			);
			path = TypingTutor;
			sourceTree = "<group>";
		};
		54D7695017EE1DBD00EBDCB5 /* Supporting Files */ = {
			isa = PBXGroup;
			children = (
				54D7695117EE1DBD00EBDCB5 /* TypingTutor-Info.plist */,
				54D7695217EE1DBD00EBDCB5 /* InfoPlist.strings */,
				54D7695517EE1DBD00EBDCB5 /* main.m */,
				54D7695717EE1DBD00EBDCB5 /* TypingTutor-Prefix.pch */,
				54D7695817EE1DBD00EBDCB5 /* Credits.rtf */,
			);
			name = "Supporting Files";
			sourceTree = "<group>";
		};
/* End PBXGroup section */

/* Begin PBXNativeTarget section */
		54D7694517EE1DBD00EBDCB5 /* TypingTutor */ = {
			isa = PBXNativeTarget;
			buildConfigurationList = 54D7696317EE1DBD00EBDCB5 /* Build configuration list for PBXNativeTarget "TypingTutor" */;
			buildPhases = (
				54D7694217EE1DBD00EBDCB5 /* Sources */,
				54D7694317EE1DBD00EBDCB5 /* Frameworks */,
				54D7694417EE1DBD00EBDCB5 /* Resources */,
			);
			buildRules = (
			);
			dependencies = (
			);
			name = TypingTutor;
			productName = TypingTutor;
			productReference = 54D7694617EE1DBD00EBDCB5 /* TypingTutor.app */;
			productType = "com.apple.product-type.application";
		};
/* End PBXNativeTarget section */

/* Begin PBXProject section */
		54D7693E17EE1DBD00EBDCB5 /* Project object */ = {
			isa = PBXProject;
			attributes = {
				CLASSPREFIX = TypingTutor;
				LastUpgradeCheck = 0460;
				ORGANIZATIONNAME = Sagar;
			};
			buildConfigurationList = 54D7694117EE1DBD00EBDCB5 /* Build configuration list for PBXProject "TypingTutor" */;
			compatibilityVersion = "Xcode 3.2";
			developmentRegion = English;
			hasScannedForEncodings = 0;
			knownRegions = (
				en,
			);
			mainGroup = 54D7693D17EE1DBD00EBDCB5;
			productRefGroup = 54D7694717EE1DBD00EBDCB5 /* Products */;
			projectDirPath = "";
			projectRoot = "";
			targets = (
				54D7694517EE1DBD00EBDCB5 /* TypingTutor */,
			);
		};
/* End PBXProject section */

/* Begin PBXResourcesBuildPhase section */
		54D7694417EE1DBD00EBDCB5 /* Resources */ = {
			isa = PBXResourcesBuildPhase;
			buildActionMask = 2147483647;
			files = (
				54D7695417EE1DBD00EBDCB5 /* InfoPlist.strings in Resources */,
				54D7695A17EE1DBD00EBDCB5 /* Credits.rtf in Resources */,
				54D7696017EE1DBD00EBDCB5 /* MainMenu.xib in Resources */,
			);
			runOnlyForDeploymentPostprocessing = 0;
		};
/* End PBXResourcesBuildPhase section */

/* Begin PBXSourcesBuildPhase section */
		54D7694217EE1DBD00EBDCB5 /* Sources */ = {
			isa = PBXSourcesBuildPhase;
			buildActionMask = 2147483647;
			files = (
				54D7695617EE1DBD00EBDCB5 /* main.m in Sources */,
				54D7695D17EE1DBD00EBDCB5 /* TypingTutorAppDelegate.m in Sources */,
				54D7696817EE1DD600EBDCB5 /* BigLetterView.m in Sources */,
				54D769C417EF702900EBDCB5 /* NSString+FirstLetter.m in Sources */,
			);
			runOnlyForDeploymentPostprocessing = 0;
		};
/* End PBXSourcesBuildPhase section */

/* Begin PBXVariantGroup section */
		54D7695217EE1DBD00EBDCB5 /* InfoPlist.strings */ = {
			isa = PBXVariantGroup;
			children = (
				54D7695317EE1DBD00EBDCB5 /* en */,
			);
			name = InfoPlist.strings;
			sourceTree = "<group>";
		};
		54D7695817EE1DBD00EBDCB5 /* Credits.rtf */ = {
			isa = PBXVariantGroup;
			children = (
				54D7695917EE1DBD00EBDCB5 /* en */,
			);
			name = Credits.rtf;
			sourceTree = "<group>";
		};
		54D7695E17EE1DBD00EBDCB5 /* MainMenu.xib */ = {
			isa = PBXVariantGroup;
			children = (
				54D7695F17EE1DBD00EBDCB5 /* en */,
			);
			name = MainMenu.xib;
			sourceTree = "<group>";
		};
/* End PBXVariantGroup section */

/* Begin XCBuildConfiguration section */
		54D7696117EE1DBD00EBDCB5 /* Debug */ = {
			isa = XCBuildConfiguration;
			buildSettings = {
				ALWAYS_SEARCH_USER_PATHS = NO;
				ARCHS = "$(ARCHS_STANDARD_64_BIT)";
				CLANG_CXX_LANGUAGE_STANDARD = "gnu++0x";
				CLANG_CXX_LIBRARY = "libc++";
				CLANG_ENABLE_OBJC_ARC = YES;
				CLANG_WARN_CONSTANT_CONVERSION = YES;
				CLANG_WARN_EMPTY_BODY = YES;
				CLANG_WARN_ENUM_CONVERSION = YES;
				CLANG_WARN_INT_CONVERSION = YES;
				CLANG_WARN__DUPLICATE_METHOD_MATCH = YES;
				COPY_PHASE_STRIP = NO;
				GCC_C_LANGUAGE_STANDARD = gnu99;
				GCC_DYNAMIC_NO_PIC = NO;
				GCC_ENABLE_OBJC_EXCEPTIONS = YES;
				GCC_OPTIMIZATION_LEVEL = 0;
				GCC_PREPROCESSOR_DEFINITIONS = (
					"DEBUG=1",
					"$(inherited)",
				);
				GCC_SYMBOLS_PRIVATE_EXTERN = NO;
				GCC_WARN_64_TO_32_BIT_CONVERSION = YES;
				GCC_WARN_ABOUT_RETURN_TYPE = YES;
				GCC_WARN_UNINITIALIZED_AUTOS = YES;
				GCC_WARN_UNUSED_VARIABLE = YES;
				MACOSX_DEPLOYMENT_TARGET = 10.8;
				ONLY_ACTIVE_ARCH = YES;
				SDKROOT = macosx;
			};
			name = Debug;
		};
		54D7696217EE1DBD00EBDCB5 /* Release */ = {
			isa = XCBuildConfiguration;
			buildSettings = {
				ALWAYS_SEARCH_USER_PATHS = NO;
				ARCHS = "$(ARCHS_STANDARD_64_BIT)";
				CLANG_CXX_LANGUAGE_STANDARD = "gnu++0x";
				CLANG_CXX_LIBRARY = "libc++";
				CLANG_ENABLE_OBJC_ARC = YES;
				CLANG_WARN_CONSTANT_CONVERSION = YES;
				CLANG_WARN_EMPTY_BODY = YES;
				CLANG_WARN_ENUM_CONVERSION = YES;
				CLANG_WARN_INT_CONVERSION = YES;
				CLANG_WARN__DUPLICATE_METHOD_MATCH = YES;
				COPY_PHASE_STRIP = YES;
				DEBUG_INFORMATION_FORMAT = "dwarf-with-dsym";
				GCC_C_LANGUAGE_STANDARD = gnu99;
				GCC_ENABLE_OBJC_EXCEPTIONS = YES;
				GCC_WARN_64_TO_32_BIT_CONVERSION = YES;
				GCC_WARN_ABOUT_RETURN_TYPE = YES;
				GCC_WARN_UNINITIALIZED_AUTOS = YES;
				GCC_WARN_UNUSED_VARIABLE = YES;
				MACOSX_DEPLOYMENT_TARGET = 10.8;
				SDKROOT = macosx;
			};
			name = Release;
		};
		54D7696417EE1DBD00EBDCB5 /* Debug */ = {
			isa = XCBuildConfiguration;
			buildSettings = {
				COMBINE_HIDPI_IMAGES = YES;
				GCC_PRECOMPILE_PREFIX_HEADER = YES;
				GCC_PREFIX_HEADER = "TypingTutor/TypingTutor-Prefix.pch";
				INFOPLIST_FILE = "TypingTutor/TypingTutor-Info.plist";
				PRODUCT_NAME = "$(TARGET_NAME)";
				WRAPPER_EXTENSION = app;
			};
			name = Debug;
		};
		54D7696517EE1DBD00EBDCB5 /* Release */ = {
			isa = XCBuildConfiguration;
			buildSettings = {
				COMBINE_HIDPI_IMAGES = YES;
				GCC_PRECOMPILE_PREFIX_HEADER = YES;
				GCC_PREFIX_HEADER = "TypingTutor/TypingTutor-Prefix.pch";
				INFOPLIST_FILE = "TypingTutor/TypingTutor-Info.plist";
				PRODUCT_NAME = "$(TARGET_NAME)";
				WRAPPER_EXTENSION = app;
			};
			name = Release;
		};
/* End XCBuildConfiguration section */

/* Begin XCConfigurationList section */
		54D7694117EE1DBD00EBDCB5 /* Build configuration list for PBXProject "TypingTutor" */ = {
			isa = XCConfigurationList;
			buildConfigurations = (
				54D7696117EE1DBD00EBDCB5 /* Debug */,
				54D7696217EE1DBD00EBDCB5 /* Release */,
			);
			defaultConfigurationIsVisible = 0;
			defaultConfigurationName = Release;
		};
		54D7696317EE1DBD00EBDCB5 /* Build configuration list for PBXNativeTarget "TypingTutor" */ = {
			isa = XCConfigurationList;
			buildConfigurations = (
				54D7696417EE1DBD00EBDCB5 /* Debug */,
				54D7696517EE1DBD00EBDCB5 /* Release */,
			);
			defaultConfigurationIsVisible = 0;
		};
/* End XCConfigurationList section */
	};
	rootObject = 54D7693E17EE1DBD00EBDCB5 /* Project object */;
}
